// !$*UTF8*$!
{
	archiveVersion = 1;
	classes = {
	};
	objectVersion = 46;
	objects = {

/* Begin PBXBuildFile section */
		423EEA0E1A369BFC0083A6D7 /* PostCell.swift in Sources */ = {isa = PBXBuildFile; fileRef = 423EEA0D1A369BFC0083A6D7 /* PostCell.swift */; };
		4252F2461AAFC4A5008B135F /* Images.xcassets in Resources */ = {isa = PBXBuildFile; fileRef = 4252F2451AAFC4A5008B135F /* Images.xcassets */; };
		42762D211A8FE5D400E06345 /* FavoritesViewController.swift in Sources */ = {isa = PBXBuildFile; fileRef = 42762D201A8FE5D400E06345 /* FavoritesViewController.swift */; };
		427C7DB81A3BA17E008DC95F /* DetailViewController.swift in Sources */ = {isa = PBXBuildFile; fileRef = 427C7DB61A3BA17E008DC95F /* DetailViewController.swift */; };
		428DBCE01A312EBE0092FC15 /* RedditPost.swift in Sources */ = {isa = PBXBuildFile; fileRef = 428DBCDF1A312EBE0092FC15 /* RedditPost.swift */; };
		429321F71A96F6240068621E /* ReferralViewController.swift in Sources */ = {isa = PBXBuildFile; fileRef = 429321F61A96F6240068621E /* ReferralViewController.swift */; };
		42A4F7F11A206F0100693ED2 /* AppDelegate.swift in Sources */ = {isa = PBXBuildFile; fileRef = 42A4F7F01A206F0100693ED2 /* AppDelegate.swift */; };
		42A4F7F31A206F0100693ED2 /* FeedViewController.swift in Sources */ = {isa = PBXBuildFile; fileRef = 42A4F7F21A206F0100693ED2 /* FeedViewController.swift */; };
		42A4F8071A206F0100693ED2 /* Aww2Tests.swift in Sources */ = {isa = PBXBuildFile; fileRef = 42A4F8061A206F0100693ED2 /* Aww2Tests.swift */; };
		42B8E9BD1A9D8B5E005BD02C /* Main.storyboard in Resources */ = {isa = PBXBuildFile; fileRef = 42B8E9BC1A9D8B5E005BD02C /* Main.storyboard */; };
		42BFD6F91AE6F9B70061E807 /* SwiftyJSON.swift in Sources */ = {isa = PBXBuildFile; fileRef = 42BFD6F81AE6F9B70061E807 /* SwiftyJSON.swift */; };
		42D670E41AEF04CF00628939 /* CutieButton.swift in Sources */ = {isa = PBXBuildFile; fileRef = 42D670E31AEF04CF00628939 /* CutieButton.swift */; };
		42E7B6201A6B6FE200941E5D /* LoginViewController.swift in Sources */ = {isa = PBXBuildFile; fileRef = 42E7B61F1A6B6FE200941E5D /* LoginViewController.swift */; };
		7776C63269B30EDB3A49FA89 /* libPods.a in Frameworks */ = {isa = PBXBuildFile; fileRef = 4E1094D2B9F63BB53DA6F32E /* libPods.a */; };
		834CA8831C00602A003F0055 /* LaunchScreen.xib in Resources */ = {isa = PBXBuildFile; fileRef = 834CA8821C00602A003F0055 /* LaunchScreen.xib */; };
/* End PBXBuildFile section */

/* Begin PBXContainerItemProxy section */
		42A4F8011A206F0100693ED2 /* PBXContainerItemProxy */ = {
			isa = PBXContainerItemProxy;
			containerPortal = 42A4F7E31A206F0100693ED2 /* Project object */;
			proxyType = 1;
			remoteGlobalIDString = 42A4F7EA1A206F0100693ED2;
			remoteInfo = Aww2;
		};
/* End PBXContainerItemProxy section */

/* Begin PBXFileReference section */
		2D4500B81B2F7F5500DEB4D9 /* Twitter.framework */ = {isa = PBXFileReference; lastKnownFileType = wrapper.framework; name = Twitter.framework; path = System/Library/Frameworks/Twitter.framework; sourceTree = SDKROOT; };
		2D4500BA1B2F7F7B00DEB4D9 /* Social.framework */ = {isa = PBXFileReference; lastKnownFileType = wrapper.framework; name = Social.framework; path = System/Library/Frameworks/Social.framework; sourceTree = SDKROOT; };
		4208D1EC1A661B8900937598 /* Aww2-Bridging-Header.h */ = {isa = PBXFileReference; lastKnownFileType = sourcecode.c.h; path = "Aww2-Bridging-Header.h"; sourceTree = "<group>"; };
		423EEA0D1A369BFC0083A6D7 /* PostCell.swift */ = {isa = PBXFileReference; fileEncoding = 4; lastKnownFileType = sourcecode.swift; path = PostCell.swift; sourceTree = "<group>"; };
		4252F2451AAFC4A5008B135F /* Images.xcassets */ = {isa = PBXFileReference; lastKnownFileType = folder.assetcatalog; path = Images.xcassets; sourceTree = "<group>"; };
		42762D201A8FE5D400E06345 /* FavoritesViewController.swift */ = {isa = PBXFileReference; fileEncoding = 4; lastKnownFileType = sourcecode.swift; path = FavoritesViewController.swift; sourceTree = "<group>"; };
		427C7DB61A3BA17E008DC95F /* DetailViewController.swift */ = {isa = PBXFileReference; fileEncoding = 4; lastKnownFileType = sourcecode.swift; name = DetailViewController.swift; path = ../DetailViewController.swift; sourceTree = "<group>"; };
		428DBCDF1A312EBE0092FC15 /* RedditPost.swift */ = {isa = PBXFileReference; fileEncoding = 4; lastKnownFileType = sourcecode.swift; path = RedditPost.swift; sourceTree = "<group>"; };
		429321F61A96F6240068621E /* ReferralViewController.swift */ = {isa = PBXFileReference; fileEncoding = 4; lastKnownFileType = sourcecode.swift; path = ReferralViewController.swift; sourceTree = "<group>"; };
		42A4F7EB1A206F0100693ED2 /* Cutie.app */ = {isa = PBXFileReference; explicitFileType = wrapper.application; includeInIndex = 0; path = Cutie.app; sourceTree = BUILT_PRODUCTS_DIR; };
		42A4F7EF1A206F0100693ED2 /* Info.plist */ = {isa = PBXFileReference; lastKnownFileType = text.plist.xml; path = Info.plist; sourceTree = "<group>"; };
		42A4F7F01A206F0100693ED2 /* AppDelegate.swift */ = {isa = PBXFileReference; lastKnownFileType = sourcecode.swift; path = AppDelegate.swift; sourceTree = "<group>"; };
		42A4F7F21A206F0100693ED2 /* FeedViewController.swift */ = {isa = PBXFileReference; lastKnownFileType = sourcecode.swift; path = FeedViewController.swift; sourceTree = "<group>"; };
		42A4F8001A206F0100693ED2 /* CutieTests.xctest */ = {isa = PBXFileReference; explicitFileType = wrapper.cfbundle; includeInIndex = 0; path = CutieTests.xctest; sourceTree = BUILT_PRODUCTS_DIR; };
		42A4F8051A206F0100693ED2 /* Info.plist */ = {isa = PBXFileReference; lastKnownFileType = text.plist.xml; path = Info.plist; sourceTree = "<group>"; };
		42A4F8061A206F0100693ED2 /* Aww2Tests.swift */ = {isa = PBXFileReference; lastKnownFileType = sourcecode.swift; path = Aww2Tests.swift; sourceTree = "<group>"; };
		42B8E9BC1A9D8B5E005BD02C /* Main.storyboard */ = {isa = PBXFileReference; fileEncoding = 4; lastKnownFileType = file.storyboard; path = Main.storyboard; sourceTree = "<group>"; };
		42BFD6F81AE6F9B70061E807 /* SwiftyJSON.swift */ = {isa = PBXFileReference; fileEncoding = 4; lastKnownFileType = sourcecode.swift; path = SwiftyJSON.swift; sourceTree = "<group>"; };
		42D670E31AEF04CF00628939 /* CutieButton.swift */ = {isa = PBXFileReference; fileEncoding = 4; lastKnownFileType = sourcecode.swift; path = CutieButton.swift; sourceTree = "<group>"; };
		42E7B61F1A6B6FE200941E5D /* LoginViewController.swift */ = {isa = PBXFileReference; fileEncoding = 4; lastKnownFileType = sourcecode.swift; name = LoginViewController.swift; path = ../LoginViewController.swift; sourceTree = "<group>"; };
		4E1094D2B9F63BB53DA6F32E /* libPods.a */ = {isa = PBXFileReference; explicitFileType = archive.ar; includeInIndex = 0; path = libPods.a; sourceTree = BUILT_PRODUCTS_DIR; };
		834CA8821C00602A003F0055 /* LaunchScreen.xib */ = {isa = PBXFileReference; fileEncoding = 4; lastKnownFileType = file.xib; path = LaunchScreen.xib; sourceTree = "<group>"; };
		8502BC6DBB9197B511A91626 /* Pods.release.xcconfig */ = {isa = PBXFileReference; includeInIndex = 1; lastKnownFileType = text.xcconfig; name = Pods.release.xcconfig; path = "Pods/Target Support Files/Pods/Pods.release.xcconfig"; sourceTree = "<group>"; };
		94D045EC4B5070874EE75D8B /* Pods.debug.xcconfig */ = {isa = PBXFileReference; includeInIndex = 1; lastKnownFileType = text.xcconfig; name = Pods.debug.xcconfig; path = "Pods/Target Support Files/Pods/Pods.debug.xcconfig"; sourceTree = "<group>"; };
/* End PBXFileReference section */

/* Begin PBXFrameworksBuildPhase section */
		42A4F7E81A206F0100693ED2 /* Frameworks */ = {
			isa = PBXFrameworksBuildPhase;
			buildActionMask = 2147483647;
			files = (
				7776C63269B30EDB3A49FA89 /* libPods.a in Frameworks */,
			);
			runOnlyForDeploymentPostprocessing = 0;
		};
		42A4F7FD1A206F0100693ED2 /* Frameworks */ = {
			isa = PBXFrameworksBuildPhase;
			buildActionMask = 2147483647;
			files = (
			);
			runOnlyForDeploymentPostprocessing = 0;
		};
/* End PBXFrameworksBuildPhase section */

/* Begin PBXGroup section */
		2D24AB4F1B28F73200075146 /* Controllers */ = {
			isa = PBXGroup;
			children = (
				42E7B61F1A6B6FE200941E5D /* LoginViewController.swift */,
				42A4F7F21A206F0100693ED2 /* FeedViewController.swift */,
				427C7DB61A3BA17E008DC95F /* DetailViewController.swift */,
				42762D201A8FE5D400E06345 /* FavoritesViewController.swift */,
				429321F61A96F6240068621E /* ReferralViewController.swift */,
			);
			name = Controllers;
			sourceTree = "<group>";
		};
		2D24AB501B28F74100075146 /* Views */ = {
			isa = PBXGroup;
			children = (
				423EEA0D1A369BFC0083A6D7 /* PostCell.swift */,
				42D670E31AEF04CF00628939 /* CutieButton.swift */,
			);
			name = Views;
			sourceTree = "<group>";
		};
		2D24AB511B28F74900075146 /* Model */ = {
			isa = PBXGroup;
			children = (
				428DBCDF1A312EBE0092FC15 /* RedditPost.swift */,
			);
			name = Model;
			sourceTree = "<group>";
		};
		42A4F7E21A206F0100693ED2 = {
			isa = PBXGroup;
			children = (
				42A4F7ED1A206F0100693ED2 /* Aww2 */,
				42A4F8031A206F0100693ED2 /* Aww2Tests */,
				42A4F7EC1A206F0100693ED2 /* Products */,
				DA279B2FAF3F1C326C4A2BE7 /* Pods */,
				9012E0F3D5A38C0171E073BB /* Frameworks */,
				4208D1EC1A661B8900937598 /* Aww2-Bridging-Header.h */,
			);
			sourceTree = "<group>";
		};
		42A4F7EC1A206F0100693ED2 /* Products */ = {
			isa = PBXGroup;
			children = (
				42A4F7EB1A206F0100693ED2 /* Cutie.app */,
				42A4F8001A206F0100693ED2 /* CutieTests.xctest */,
			);
			name = Products;
			sourceTree = "<group>";
		};
		42A4F7ED1A206F0100693ED2 /* Aww2 */ = {
			isa = PBXGroup;
			children = (
				42A4F7F01A206F0100693ED2 /* AppDelegate.swift */,
				42BFD6F81AE6F9B70061E807 /* SwiftyJSON.swift */,
				42B8E9BC1A9D8B5E005BD02C /* Main.storyboard */,
				834CA8821C00602A003F0055 /* LaunchScreen.xib */,
				4252F2451AAFC4A5008B135F /* Images.xcassets */,
				2D24AB4F1B28F73200075146 /* Controllers */,
				2D24AB501B28F74100075146 /* Views */,
				2D24AB511B28F74900075146 /* Model */,
				42A4F7EE1A206F0100693ED2 /* Supporting Files */,
			);
			path = Aww2;
			sourceTree = "<group>";
		};
		42A4F7EE1A206F0100693ED2 /* Supporting Files */ = {
			isa = PBXGroup;
			children = (
				42A4F7EF1A206F0100693ED2 /* Info.plist */,
			);
			name = "Supporting Files";
			sourceTree = "<group>";
		};
		42A4F8031A206F0100693ED2 /* Aww2Tests */ = {
			isa = PBXGroup;
			children = (
				42A4F8061A206F0100693ED2 /* Aww2Tests.swift */,
				42A4F8041A206F0100693ED2 /* Supporting Files */,
			);
			path = Aww2Tests;
			sourceTree = "<group>";
		};
		42A4F8041A206F0100693ED2 /* Supporting Files */ = {
			isa = PBXGroup;
			children = (
				42A4F8051A206F0100693ED2 /* Info.plist */,
			);
			name = "Supporting Files";
			sourceTree = "<group>";
		};
		9012E0F3D5A38C0171E073BB /* Frameworks */ = {
			isa = PBXGroup;
			children = (
				2D4500BA1B2F7F7B00DEB4D9 /* Social.framework */,
				2D4500B81B2F7F5500DEB4D9 /* Twitter.framework */,
				4E1094D2B9F63BB53DA6F32E /* libPods.a */,
			);
			name = Frameworks;
			sourceTree = "<group>";
		};
		DA279B2FAF3F1C326C4A2BE7 /* Pods */ = {
			isa = PBXGroup;
			children = (
				94D045EC4B5070874EE75D8B /* Pods.debug.xcconfig */,
				8502BC6DBB9197B511A91626 /* Pods.release.xcconfig */,
			);
			name = Pods;
			sourceTree = "<group>";
		};
/* End PBXGroup section */

/* Begin PBXNativeTarget section */
		42A4F7EA1A206F0100693ED2 /* Cutie */ = {
			isa = PBXNativeTarget;
			buildConfigurationList = 42A4F80A1A206F0100693ED2 /* Build configuration list for PBXNativeTarget "Cutie" */;
			buildPhases = (
				12F59EFDF3974D594B4D4CDE /* Check Pods Manifest.lock */,
				42A4F7E71A206F0100693ED2 /* Sources */,
				42A4F7E81A206F0100693ED2 /* Frameworks */,
				42A4F7E91A206F0100693ED2 /* Resources */,
				DA73605E980DCC0A3E5ED159 /* Copy Pods Resources */,
			);
			buildRules = (
			);
			dependencies = (
			);
			name = Cutie;
			productName = Aww2;
			productReference = 42A4F7EB1A206F0100693ED2 /* Cutie.app */;
			productType = "com.apple.product-type.application";
		};
		42A4F7FF1A206F0100693ED2 /* CutieTests */ = {
			isa = PBXNativeTarget;
			buildConfigurationList = 42A4F80D1A206F0100693ED2 /* Build configuration list for PBXNativeTarget "CutieTests" */;
			buildPhases = (
				42A4F7FC1A206F0100693ED2 /* Sources */,
				42A4F7FD1A206F0100693ED2 /* Frameworks */,
				42A4F7FE1A206F0100693ED2 /* Resources */,
			);
			buildRules = (
			);
			dependencies = (
				42A4F8021A206F0100693ED2 /* PBXTargetDependency */,
			);
			name = CutieTests;
			productName = Aww2Tests;
			productReference = 42A4F8001A206F0100693ED2 /* CutieTests.xctest */;
			productType = "com.apple.product-type.bundle.unit-test";
		};
/* End PBXNativeTarget section */

/* Begin PBXProject section */
		42A4F7E31A206F0100693ED2 /* Project object */ = {
			isa = PBXProject;
			attributes = {
				LastUpgradeCheck = 0610;
				ORGANIZATIONNAME = "Daniel Riaz";
				TargetAttributes = {
					42A4F7EA1A206F0100693ED2 = {
						CreatedOnToolsVersion = 6.1;
						DevelopmentTeam = 74C2W9359H;
					};
					42A4F7FF1A206F0100693ED2 = {
						CreatedOnToolsVersion = 6.1;
						TestTargetID = 42A4F7EA1A206F0100693ED2;
					};
				};
			};
			buildConfigurationList = 42A4F7E61A206F0100693ED2 /* Build configuration list for PBXProject "Cutie" */;
			compatibilityVersion = "Xcode 3.2";
			developmentRegion = English;
			hasScannedForEncodings = 0;
			knownRegions = (
				en,
				Base,
			);
			mainGroup = 42A4F7E21A206F0100693ED2;
			productRefGroup = 42A4F7EC1A206F0100693ED2 /* Products */;
			projectDirPath = "";
			projectRoot = "";
			targets = (
				42A4F7EA1A206F0100693ED2 /* Cutie */,
				42A4F7FF1A206F0100693ED2 /* CutieTests */,
			);
		};
/* End PBXProject section */

/* Begin PBXResourcesBuildPhase section */
		42A4F7E91A206F0100693ED2 /* Resources */ = {
			isa = PBXResourcesBuildPhase;
			buildActionMask = 2147483647;
			files = (
				42B8E9BD1A9D8B5E005BD02C /* Main.storyboard in Resources */,
				834CA8831C00602A003F0055 /* LaunchScreen.xib in Resources */,
				4252F2461AAFC4A5008B135F /* Images.xcassets in Resources */,
			);
			runOnlyForDeploymentPostprocessing = 0;
		};
		42A4F7FE1A206F0100693ED2 /* Resources */ = {
			isa = PBXResourcesBuildPhase;
			buildActionMask = 2147483647;
			files = (
			);
			runOnlyForDeploymentPostprocessing = 0;
		};
/* End PBXResourcesBuildPhase section */

/* Begin PBXShellScriptBuildPhase section */
		12F59EFDF3974D594B4D4CDE /* Check Pods Manifest.lock */ = {
			isa = PBXShellScriptBuildPhase;
			buildActionMask = 2147483647;
			files = (
			);
			inputPaths = (
			);
			name = "Check Pods Manifest.lock";
			outputPaths = (
			);
			runOnlyForDeploymentPostprocessing = 0;
			shellPath = /bin/sh;
			shellScript = "diff \"${PODS_ROOT}/../Podfile.lock\" \"${PODS_ROOT}/Manifest.lock\" > /dev/null\nif [[ $? != 0 ]] ; then\n    cat << EOM\nerror: The sandbox is not in sync with the Podfile.lock. Run 'pod install' or update your CocoaPods installation.\nEOM\n    exit 1\nfi\n";
			showEnvVarsInLog = 0;
		};
		DA73605E980DCC0A3E5ED159 /* Copy Pods Resources */ = {
			isa = PBXShellScriptBuildPhase;
			buildActionMask = 2147483647;
			files = (
			);
			inputPaths = (
			);
			name = "Copy Pods Resources";
			outputPaths = (
			);
			runOnlyForDeploymentPostprocessing = 0;
			shellPath = /bin/sh;
			shellScript = "\"${SRCROOT}/Pods/Target Support Files/Pods/Pods-resources.sh\"\n";
			showEnvVarsInLog = 0;
		};
/* End PBXShellScriptBuildPhase section */

/* Begin PBXSourcesBuildPhase section */
		42A4F7E71A206F0100693ED2 /* Sources */ = {
			isa = PBXSourcesBuildPhase;
			buildActionMask = 2147483647;
			files = (
				42E7B6201A6B6FE200941E5D /* LoginViewController.swift in Sources */,
				42D670E41AEF04CF00628939 /* CutieButton.swift in Sources */,
				427C7DB81A3BA17E008DC95F /* DetailViewController.swift in Sources */,
				42BFD6F91AE6F9B70061E807 /* SwiftyJSON.swift in Sources */,
				428DBCE01A312EBE0092FC15 /* RedditPost.swift in Sources */,
				42A4F7F31A206F0100693ED2 /* FeedViewController.swift in Sources */,
				429321F71A96F6240068621E /* ReferralViewController.swift in Sources */,
				42A4F7F11A206F0100693ED2 /* AppDelegate.swift in Sources */,
				42762D211A8FE5D400E06345 /* FavoritesViewController.swift in Sources */,
				423EEA0E1A369BFC0083A6D7 /* PostCell.swift in Sources */,
			);
			runOnlyForDeploymentPostprocessing = 0;
		};
		42A4F7FC1A206F0100693ED2 /* Sources */ = {
			isa = PBXSourcesBuildPhase;
			buildActionMask = 2147483647;
			files = (
				42A4F8071A206F0100693ED2 /* Aww2Tests.swift in Sources */,
			);
			runOnlyForDeploymentPostprocessing = 0;
		};
/* End PBXSourcesBuildPhase section */

/* Begin PBXTargetDependency section */
		42A4F8021A206F0100693ED2 /* PBXTargetDependency */ = {
			isa = PBXTargetDependency;
			target = 42A4F7EA1A206F0100693ED2 /* Cutie */;
			targetProxy = 42A4F8011A206F0100693ED2 /* PBXContainerItemProxy */;
		};
/* End PBXTargetDependency section */

/* Begin XCBuildConfiguration section */
		42A4F8081A206F0100693ED2 /* Debug */ = {
			isa = XCBuildConfiguration;
			buildSettings = {
				ALWAYS_SEARCH_USER_PATHS = NO;
				CLANG_CXX_LANGUAGE_STANDARD = "gnu++0x";
				CLANG_CXX_LIBRARY = "libc++";
				CLANG_ENABLE_MODULES = YES;
				CLANG_ENABLE_OBJC_ARC = YES;
				CLANG_WARN_BOOL_CONVERSION = YES;
				CLANG_WARN_CONSTANT_CONVERSION = YES;
				CLANG_WARN_DIRECT_OBJC_ISA_USAGE = YES_ERROR;
				CLANG_WARN_EMPTY_BODY = YES;
				CLANG_WARN_ENUM_CONVERSION = YES;
				CLANG_WARN_INT_CONVERSION = YES;
				CLANG_WARN_OBJC_ROOT_CLASS = YES_ERROR;
				CLANG_WARN_UNREACHABLE_CODE = YES;
				CLANG_WARN__DUPLICATE_METHOD_MATCH = YES;
				"CODE_SIGN_IDENTITY[sdk=iphoneos*]" = "iPhone Developer";
				COPY_PHASE_STRIP = NO;
				ENABLE_STRICT_OBJC_MSGSEND = YES;
				GCC_C_LANGUAGE_STANDARD = gnu99;
				GCC_DYNAMIC_NO_PIC = NO;
				GCC_OPTIMIZATION_LEVEL = 0;
				GCC_PREPROCESSOR_DEFINITIONS = (
					"DEBUG=1",
					"$(inherited)",
				);
				GCC_SYMBOLS_PRIVATE_EXTERN = NO;
				GCC_WARN_64_TO_32_BIT_CONVERSION = YES;
				GCC_WARN_ABOUT_RETURN_TYPE = YES_ERROR;
				GCC_WARN_UNDECLARED_SELECTOR = YES;
				GCC_WARN_UNINITIALIZED_AUTOS = YES_AGGRESSIVE;
				GCC_WARN_UNUSED_FUNCTION = YES;
				GCC_WARN_UNUSED_VARIABLE = YES;
				IPHONEOS_DEPLOYMENT_TARGET = 8.0;
				MTL_ENABLE_DEBUG_INFO = YES;
				ONLY_ACTIVE_ARCH = YES;
				SDKROOT = iphoneos;
				SWIFT_OPTIMIZATION_LEVEL = "-Onone";
			};
			name = Debug;
		};
		42A4F8091A206F0100693ED2 /* Release */ = {
			isa = XCBuildConfiguration;
			buildSettings = {
				ALWAYS_SEARCH_USER_PATHS = NO;
				CLANG_CXX_LANGUAGE_STANDARD = "gnu++0x";
				CLANG_CXX_LIBRARY = "libc++";
				CLANG_ENABLE_MODULES = YES;
				CLANG_ENABLE_OBJC_ARC = YES;
				CLANG_WARN_BOOL_CONVERSION = YES;
				CLANG_WARN_CONSTANT_CONVERSION = YES;
				CLANG_WARN_DIRECT_OBJC_ISA_USAGE = YES_ERROR;
				CLANG_WARN_EMPTY_BODY = YES;
				CLANG_WARN_ENUM_CONVERSION = YES;
				CLANG_WARN_INT_CONVERSION = YES;
				CLANG_WARN_OBJC_ROOT_CLASS = YES_ERROR;
				CLANG_WARN_UNREACHABLE_CODE = YES;
				CLANG_WARN__DUPLICATE_METHOD_MATCH = YES;
				"CODE_SIGN_IDENTITY[sdk=iphoneos*]" = "iPhone Developer";
				COPY_PHASE_STRIP = YES;
				ENABLE_NS_ASSERTIONS = NO;
				ENABLE_STRICT_OBJC_MSGSEND = YES;
				GCC_C_LANGUAGE_STANDARD = gnu99;
				GCC_WARN_64_TO_32_BIT_CONVERSION = YES;
				GCC_WARN_ABOUT_RETURN_TYPE = YES_ERROR;
				GCC_WARN_UNDECLARED_SELECTOR = YES;
				GCC_WARN_UNINITIALIZED_AUTOS = YES_AGGRESSIVE;
				GCC_WARN_UNUSED_FUNCTION = YES;
				GCC_WARN_UNUSED_VARIABLE = YES;
				IPHONEOS_DEPLOYMENT_TARGET = 8.0;
				MTL_ENABLE_DEBUG_INFO = NO;
				SDKROOT = iphoneos;
				VALIDATE_PRODUCT = YES;
			};
			name = Release;
		};
		42A4F80B1A206F0100693ED2 /* Debug */ = {
			isa = XCBuildConfiguration;
			baseConfigurationReference = 94D045EC4B5070874EE75D8B /* Pods.debug.xcconfig */;
			buildSettings = {
				ASSETCATALOG_COMPILER_APPICON_NAME = AppIcon;
				ASSETCATALOG_COMPILER_LAUNCHIMAGE_NAME = LaunchImage;
				CODE_SIGN_IDENTITY = "iPhone Developer";
				"CODE_SIGN_IDENTITY[sdk=iphoneos*]" = "iPhone Developer";
				FRAMEWORK_SEARCH_PATHS = (
					"$(inherited)",
					"$(PROJECT_DIR)",
				);
				INFOPLIST_FILE = Aww2/Info.plist;
				IPHONEOS_DEPLOYMENT_TARGET = 8.0;
				LD_RUNPATH_SEARCH_PATHS = "$(inherited) @executable_path/Frameworks";
				PRODUCT_NAME = Cutie;
				PROVISIONING_PROFILE = "";
				SWIFT_OBJC_BRIDGING_HEADER = "Aww2-Bridging-Header.h";
				SWIFT_OPTIMIZATION_LEVEL = "-Onone";
			};
			name = Debug;
		};
		42A4F80C1A206F0100693ED2 /* Release */ = {
			isa = XCBuildConfiguration;
			baseConfigurationReference = 8502BC6DBB9197B511A91626 /* Pods.release.xcconfig */;
			buildSettings = {
				ASSETCATALOG_COMPILER_APPICON_NAME = AppIcon;
				ASSETCATALOG_COMPILER_LAUNCHIMAGE_NAME = LaunchImage;
				CODE_SIGN_IDENTITY = "iPhone Developer";
				"CODE_SIGN_IDENTITY[sdk=iphoneos*]" = "iPhone Developer";
				FRAMEWORK_SEARCH_PATHS = (
					"$(inherited)",
					"$(PROJECT_DIR)",
				);
				INFOPLIST_FILE = Aww2/Info.plist;
				IPHONEOS_DEPLOYMENT_TARGET = 8.0;
				LD_RUNPATH_SEARCH_PATHS = "$(inherited) @executable_path/Frameworks";
				PRODUCT_NAME = Cutie;
				PROVISIONING_PROFILE = "";
				SWIFT_OBJC_BRIDGING_HEADER = "Aww2-Bridging-Header.h";
			};
			name = Release;
		};
		42A4F80E1A206F0100693ED2 /* Debug */ = {
			isa = XCBuildConfiguration;
			buildSettings = {
				BUNDLE_LOADER = "$(TEST_HOST)";
				FRAMEWORK_SEARCH_PATHS = (
					"$(SDKROOT)/Developer/Library/Frameworks",
					"$(inherited)",
				);
				GCC_PREPROCESSOR_DEFINITIONS = (
					"DEBUG=1",
					"$(inherited)",
				);
				INFOPLIST_FILE = Aww2Tests/Info.plist;
				LD_RUNPATH_SEARCH_PATHS = "$(inherited) @executable_path/Frameworks @loader_path/Frameworks";
				PRODUCT_NAME = CutieTests;
				TEST_HOST = "$(BUILT_PRODUCTS_DIR)/Cutie.app/Cutie";
			};
			name = Debug;
		};
		42A4F80F1A206F0100693ED2 /* Release */ = {
			isa = XCBuildConfiguration;
			buildSettings = {
				BUNDLE_LOADER = "$(TEST_HOST)";
				FRAMEWORK_SEARCH_PATHS = (
					"$(SDKROOT)/Developer/Library/Frameworks",
					"$(inherited)",
				);
				INFOPLIST_FILE = Aww2Tests/Info.plist;
				LD_RUNPATH_SEARCH_PATHS = "$(inherited) @executable_path/Frameworks @loader_path/Frameworks";
				PRODUCT_NAME = CutieTests;
				TEST_HOST = "$(BUILT_PRODUCTS_DIR)/Cutie.app/Cutie";
			};
			name = Release;
		};
/* End XCBuildConfiguration section */

/* Begin XCConfigurationList section */
		42A4F7E61A206F0100693ED2 /* Build configuration list for PBXProject "Cutie" */ = {
			isa = XCConfigurationList;
			buildConfigurations = (
				42A4F8081A206F0100693ED2 /* Debug */,
				42A4F8091A206F0100693ED2 /* Release */,
			);
			defaultConfigurationIsVisible = 0;
			defaultConfigurationName = Release;
		};
		42A4F80A1A206F0100693ED2 /* Build configuration list for PBXNativeTarget "Cutie" */ = {
			isa = XCConfigurationList;
			buildConfigurations = (
				42A4F80B1A206F0100693ED2 /* Debug */,
				42A4F80C1A206F0100693ED2 /* Release */,
			);
			defaultConfigurationIsVisible = 0;
			defaultConfigurationName = Release;
		};
		42A4F80D1A206F0100693ED2 /* Build configuration list for PBXNativeTarget "CutieTests" */ = {
			isa = XCConfigurationList;
			buildConfigurations = (
				42A4F80E1A206F0100693ED2 /* Debug */,
				42A4F80F1A206F0100693ED2 /* Release */,
			);
			defaultConfigurationIsVisible = 0;
			defaultConfigurationName = Release;
		};
/* End XCConfigurationList section */
	};
	rootObject = 42A4F7E31A206F0100693ED2 /* Project object */;
}
