// !$*UTF8*$!
{
	archiveVersion = 1;
	classes = {
	};
	objectVersion = 46;
	objects = {

/* Begin PBXBuildFile section */
		420711DB1A69D7B300A9A1F0 /* FacebookSDK.framework in Frameworks */ = {isa = PBXBuildFile; fileRef = 420711DA1A69D7B300A9A1F0 /* FacebookSDK.framework */; };
		4208D1D71A661A9100937598 /* AudioToolbox.framework in Frameworks */ = {isa = PBXBuildFile; fileRef = 4208D1D61A661A9100937598 /* AudioToolbox.framework */; };
		4208D1D91A661AA300937598 /* CFNetwork.framework in Frameworks */ = {isa = PBXBuildFile; fileRef = 4208D1D81A661AA300937598 /* CFNetwork.framework */; };
		4208D1DB1A661AB000937598 /* CoreGraphics.framework in Frameworks */ = {isa = PBXBuildFile; fileRef = 4208D1DA1A661AB000937598 /* CoreGraphics.framework */; };
		4208D1DD1A661ABB00937598 /* CoreLocation.framework in Frameworks */ = {isa = PBXBuildFile; fileRef = 4208D1DC1A661ABB00937598 /* CoreLocation.framework */; };
		4208D1DF1A661ACC00937598 /* libz.dylib in Frameworks */ = {isa = PBXBuildFile; fileRef = 4208D1DE1A661ACC00937598 /* libz.dylib */; };
		4208D1E11A661ADC00937598 /* MobileCoreServices.framework in Frameworks */ = {isa = PBXBuildFile; fileRef = 4208D1E01A661ADC00937598 /* MobileCoreServices.framework */; };
		4208D1E31A661AE900937598 /* QuartzCore.framework in Frameworks */ = {isa = PBXBuildFile; fileRef = 4208D1E21A661AE900937598 /* QuartzCore.framework */; };
		4208D1E51A661B0100937598 /* Security.framework in Frameworks */ = {isa = PBXBuildFile; fileRef = 4208D1E41A661B0100937598 /* Security.framework */; };
		4208D1E71A661B0C00937598 /* StoreKit.framework in Frameworks */ = {isa = PBXBuildFile; fileRef = 4208D1E61A661B0C00937598 /* StoreKit.framework */; };
		4208D1E91A661B1600937598 /* SystemConfiguration.framework in Frameworks */ = {isa = PBXBuildFile; fileRef = 4208D1E81A661B1600937598 /* SystemConfiguration.framework */; };
		4208D1EB1A661B5000937598 /* Parse.framework in Frameworks */ = {isa = PBXBuildFile; fileRef = 4208D1EA1A661B5000937598 /* Parse.framework */; };
		4208D1F01A661E1700937598 /* Bolts.framework in Frameworks */ = {isa = PBXBuildFile; fileRef = 4208D1EF1A661E1700937598 /* Bolts.framework */; };
		4233499B1A92A3AB00FD0258 /* secondNavController.swift in Sources */ = {isa = PBXBuildFile; fileRef = 4233499A1A92A3AB00FD0258 /* secondNavController.swift */; };
		423EEA0E1A369BFC0083A6D7 /* PostCell.swift in Sources */ = {isa = PBXBuildFile; fileRef = 423EEA0D1A369BFC0083A6D7 /* PostCell.swift */; };
		4252F2441AAFC10C008B135F /* FavNavController.swift in Sources */ = {isa = PBXBuildFile; fileRef = 4252F2431AAFC10C008B135F /* FavNavController.swift */; };
		4252F2461AAFC4A5008B135F /* Images.xcassets in Resources */ = {isa = PBXBuildFile; fileRef = 4252F2451AAFC4A5008B135F /* Images.xcassets */; };
		42762D211A8FE5D400E06345 /* FavoritesViewController.swift in Sources */ = {isa = PBXBuildFile; fileRef = 42762D201A8FE5D400E06345 /* FavoritesViewController.swift */; };
		427C7DB81A3BA17E008DC95F /* SecondViewController.swift in Sources */ = {isa = PBXBuildFile; fileRef = 427C7DB61A3BA17E008DC95F /* SecondViewController.swift */; };
		428D3BFF1A9941FA003916F6 /* ParseFacebookUtils.framework in Frameworks */ = {isa = PBXBuildFile; fileRef = 428D3BFE1A9941FA003916F6 /* ParseFacebookUtils.framework */; };
		428DBCE01A312EBE0092FC15 /* RedditPost.swift in Sources */ = {isa = PBXBuildFile; fileRef = 428DBCDF1A312EBE0092FC15 /* RedditPost.swift */; };
		429321EB1A96C8DB0068621E /* Non_Retina.png in Resources */ = {isa = PBXBuildFile; fileRef = 429321EA1A96C8DB0068621E /* Non_Retina.png */; };
		429321EF1A96D3210068621E /* PageViewController.swift in Sources */ = {isa = PBXBuildFile; fileRef = 429321EE1A96D3210068621E /* PageViewController.swift */; };
		429321F71A96F6240068621E /* ReferralViewController.swift in Sources */ = {isa = PBXBuildFile; fileRef = 429321F61A96F6240068621E /* ReferralViewController.swift */; };
		42964E201AB92AAA00CA033C /* keyartrnd5_3.06.2015.png in Resources */ = {isa = PBXBuildFile; fileRef = 42964E1F1AB92AAA00CA033C /* keyartrnd5_3.06.2015.png */; };
		42A4F7F11A206F0100693ED2 /* AppDelegate.swift in Sources */ = {isa = PBXBuildFile; fileRef = 42A4F7F01A206F0100693ED2 /* AppDelegate.swift */; };
		42A4F7F31A206F0100693ED2 /* ViewController.swift in Sources */ = {isa = PBXBuildFile; fileRef = 42A4F7F21A206F0100693ED2 /* ViewController.swift */; };
		42A4F7FB1A206F0100693ED2 /* LaunchScreen.xib in Resources */ = {isa = PBXBuildFile; fileRef = 42A4F7F91A206F0100693ED2 /* LaunchScreen.xib */; };
		42A4F8071A206F0100693ED2 /* Aww2Tests.swift in Sources */ = {isa = PBXBuildFile; fileRef = 42A4F8061A206F0100693ED2 /* Aww2Tests.swift */; };
		42A4F8111A206F5900693ED2 /* SwiftyJSON.swift in Sources */ = {isa = PBXBuildFile; fileRef = 42A4F8101A206F5900693ED2 /* SwiftyJSON.swift */; };
		42B8E9BD1A9D8B5E005BD02C /* Main.storyboard in Resources */ = {isa = PBXBuildFile; fileRef = 42B8E9BC1A9D8B5E005BD02C /* Main.storyboard */; };
		42BAACBD1AB9565F007C2778 /* ThirdNavigationController.swift in Sources */ = {isa = PBXBuildFile; fileRef = 42BAACBC1AB9565F007C2778 /* ThirdNavigationController.swift */; };
		42C9AE3F1A685C55008F59BA /* libsqlite3.0.dylib in Frameworks */ = {isa = PBXBuildFile; fileRef = 42C9AE3E1A685C55008F59BA /* libsqlite3.0.dylib */; };
		42E7B6201A6B6FE200941E5D /* LoginViewController.swift in Sources */ = {isa = PBXBuildFile; fileRef = 42E7B61F1A6B6FE200941E5D /* LoginViewController.swift */; };
/* End PBXBuildFile section */

/* Begin PBXContainerItemProxy section */
		42A4F8011A206F0100693ED2 /* PBXContainerItemProxy */ = {
			isa = PBXContainerItemProxy;
			containerPortal = 42A4F7E31A206F0100693ED2 /* Project object */;
			proxyType = 1;
			remoteGlobalIDString = 42A4F7EA1A206F0100693ED2;
			remoteInfo = Aww2;
		};
/* End PBXContainerItemProxy section */

/* Begin PBXFileReference section */
		420711DA1A69D7B300A9A1F0 /* FacebookSDK.framework */ = {isa = PBXFileReference; lastKnownFileType = wrapper.framework; name = FacebookSDK.framework; path = ../../../../Documents/FacebookSDK/FacebookSDK.framework; sourceTree = "<group>"; };
		4208D1D61A661A9100937598 /* AudioToolbox.framework */ = {isa = PBXFileReference; lastKnownFileType = wrapper.framework; name = AudioToolbox.framework; path = System/Library/Frameworks/AudioToolbox.framework; sourceTree = SDKROOT; };
		4208D1D81A661AA300937598 /* CFNetwork.framework */ = {isa = PBXFileReference; lastKnownFileType = wrapper.framework; name = CFNetwork.framework; path = System/Library/Frameworks/CFNetwork.framework; sourceTree = SDKROOT; };
		4208D1DA1A661AB000937598 /* CoreGraphics.framework */ = {isa = PBXFileReference; lastKnownFileType = wrapper.framework; name = CoreGraphics.framework; path = System/Library/Frameworks/CoreGraphics.framework; sourceTree = SDKROOT; };
		4208D1DC1A661ABB00937598 /* CoreLocation.framework */ = {isa = PBXFileReference; lastKnownFileType = wrapper.framework; name = CoreLocation.framework; path = System/Library/Frameworks/CoreLocation.framework; sourceTree = SDKROOT; };
		4208D1DE1A661ACC00937598 /* libz.dylib */ = {isa = PBXFileReference; lastKnownFileType = "compiled.mach-o.dylib"; name = libz.dylib; path = usr/lib/libz.dylib; sourceTree = SDKROOT; };
		4208D1E01A661ADC00937598 /* MobileCoreServices.framework */ = {isa = PBXFileReference; lastKnownFileType = wrapper.framework; name = MobileCoreServices.framework; path = System/Library/Frameworks/MobileCoreServices.framework; sourceTree = SDKROOT; };
		4208D1E21A661AE900937598 /* QuartzCore.framework */ = {isa = PBXFileReference; lastKnownFileType = wrapper.framework; name = QuartzCore.framework; path = System/Library/Frameworks/QuartzCore.framework; sourceTree = SDKROOT; };
		4208D1E41A661B0100937598 /* Security.framework */ = {isa = PBXFileReference; lastKnownFileType = wrapper.framework; name = Security.framework; path = System/Library/Frameworks/Security.framework; sourceTree = SDKROOT; };
		4208D1E61A661B0C00937598 /* StoreKit.framework */ = {isa = PBXFileReference; lastKnownFileType = wrapper.framework; name = StoreKit.framework; path = System/Library/Frameworks/StoreKit.framework; sourceTree = SDKROOT; };
		4208D1E81A661B1600937598 /* SystemConfiguration.framework */ = {isa = PBXFileReference; lastKnownFileType = wrapper.framework; name = SystemConfiguration.framework; path = System/Library/Frameworks/SystemConfiguration.framework; sourceTree = SDKROOT; };
		4208D1EA1A661B5000937598 /* Parse.framework */ = {isa = PBXFileReference; lastKnownFileType = wrapper.framework; path = Parse.framework; sourceTree = "<group>"; };
		4208D1EC1A661B8900937598 /* Aww2-Bridging-Header.h */ = {isa = PBXFileReference; lastKnownFileType = sourcecode.c.h; path = "Aww2-Bridging-Header.h"; sourceTree = "<group>"; };
		4208D1EF1A661E1700937598 /* Bolts.framework */ = {isa = PBXFileReference; lastKnownFileType = wrapper.framework; path = Bolts.framework; sourceTree = "<group>"; };
		4233499A1A92A3AB00FD0258 /* secondNavController.swift */ = {isa = PBXFileReference; fileEncoding = 4; lastKnownFileType = sourcecode.swift; name = secondNavController.swift; path = ../secondNavController.swift; sourceTree = "<group>"; };
		423EEA0D1A369BFC0083A6D7 /* PostCell.swift */ = {isa = PBXFileReference; fileEncoding = 4; lastKnownFileType = sourcecode.swift; path = PostCell.swift; sourceTree = "<group>"; };
		4252F2431AAFC10C008B135F /* FavNavController.swift */ = {isa = PBXFileReference; fileEncoding = 4; lastKnownFileType = sourcecode.swift; path = FavNavController.swift; sourceTree = "<group>"; };
		4252F2451AAFC4A5008B135F /* Images.xcassets */ = {isa = PBXFileReference; lastKnownFileType = folder.assetcatalog; path = Images.xcassets; sourceTree = "<group>"; };
		42762D201A8FE5D400E06345 /* FavoritesViewController.swift */ = {isa = PBXFileReference; fileEncoding = 4; lastKnownFileType = sourcecode.swift; path = FavoritesViewController.swift; sourceTree = "<group>"; };
		427C7DB61A3BA17E008DC95F /* SecondViewController.swift */ = {isa = PBXFileReference; fileEncoding = 4; lastKnownFileType = sourcecode.swift; name = SecondViewController.swift; path = ../SecondViewController.swift; sourceTree = "<group>"; };
		428D3BFE1A9941FA003916F6 /* ParseFacebookUtils.framework */ = {isa = PBXFileReference; lastKnownFileType = wrapper.framework; name = ParseFacebookUtils.framework; path = Parse.framework/Headers/ParseFacebookUtils.framework; sourceTree = "<group>"; };
		428DBCDF1A312EBE0092FC15 /* RedditPost.swift */ = {isa = PBXFileReference; fileEncoding = 4; lastKnownFileType = sourcecode.swift; path = RedditPost.swift; sourceTree = "<group>"; };
		429321EA1A96C8DB0068621E /* Non_Retina.png */ = {isa = PBXFileReference; lastKnownFileType = image.png; path = Non_Retina.png; sourceTree = "<group>"; };
		429321EE1A96D3210068621E /* PageViewController.swift */ = {isa = PBXFileReference; fileEncoding = 4; lastKnownFileType = sourcecode.swift; name = PageViewController.swift; path = ../PageViewController.swift; sourceTree = "<group>"; };
		429321F61A96F6240068621E /* ReferralViewController.swift */ = {isa = PBXFileReference; fileEncoding = 4; lastKnownFileType = sourcecode.swift; path = ReferralViewController.swift; sourceTree = "<group>"; };
		42964E1F1AB92AAA00CA033C /* keyartrnd5_3.06.2015.png */ = {isa = PBXFileReference; lastKnownFileType = image.png; path = keyartrnd5_3.06.2015.png; sourceTree = "<group>"; };
		42A4F7EB1A206F0100693ED2 /* Aww2.app */ = {isa = PBXFileReference; explicitFileType = wrapper.application; includeInIndex = 0; path = Aww2.app; sourceTree = BUILT_PRODUCTS_DIR; };
		42A4F7EF1A206F0100693ED2 /* Info.plist */ = {isa = PBXFileReference; lastKnownFileType = text.plist.xml; path = Info.plist; sourceTree = "<group>"; };
		42A4F7F01A206F0100693ED2 /* AppDelegate.swift */ = {isa = PBXFileReference; lastKnownFileType = sourcecode.swift; path = AppDelegate.swift; sourceTree = "<group>"; };
		42A4F7F21A206F0100693ED2 /* ViewController.swift */ = {isa = PBXFileReference; lastKnownFileType = sourcecode.swift; path = ViewController.swift; sourceTree = "<group>"; };
		42A4F7FA1A206F0100693ED2 /* Base */ = {isa = PBXFileReference; lastKnownFileType = file.xib; name = Base; path = Base.lproj/LaunchScreen.xib; sourceTree = "<group>"; };
		42A4F8001A206F0100693ED2 /* Aww2Tests.xctest */ = {isa = PBXFileReference; explicitFileType = wrapper.cfbundle; includeInIndex = 0; path = Aww2Tests.xctest; sourceTree = BUILT_PRODUCTS_DIR; };
		42A4F8051A206F0100693ED2 /* Info.plist */ = {isa = PBXFileReference; lastKnownFileType = text.plist.xml; path = Info.plist; sourceTree = "<group>"; };
		42A4F8061A206F0100693ED2 /* Aww2Tests.swift */ = {isa = PBXFileReference; lastKnownFileType = sourcecode.swift; path = Aww2Tests.swift; sourceTree = "<group>"; };
		42A4F8101A206F5900693ED2 /* SwiftyJSON.swift */ = {isa = PBXFileReference; fileEncoding = 4; lastKnownFileType = sourcecode.swift; name = SwiftyJSON.swift; path = "../../../SwiftyJSON-master/SwiftyJSON/SwiftyJSON.swift"; sourceTree = "<group>"; };
		42B8E9BC1A9D8B5E005BD02C /* Main.storyboard */ = {isa = PBXFileReference; fileEncoding = 4; lastKnownFileType = file.storyboard; path = Main.storyboard; sourceTree = "<group>"; };
		42BAACBC1AB9565F007C2778 /* ThirdNavigationController.swift */ = {isa = PBXFileReference; fileEncoding = 4; lastKnownFileType = sourcecode.swift; path = ThirdNavigationController.swift; sourceTree = "<group>"; };
		42C9AE3E1A685C55008F59BA /* libsqlite3.0.dylib */ = {isa = PBXFileReference; lastKnownFileType = "compiled.mach-o.dylib"; name = libsqlite3.0.dylib; path = usr/lib/libsqlite3.0.dylib; sourceTree = SDKROOT; };
		42E7B61F1A6B6FE200941E5D /* LoginViewController.swift */ = {isa = PBXFileReference; fileEncoding = 4; lastKnownFileType = sourcecode.swift; name = LoginViewController.swift; path = ../LoginViewController.swift; sourceTree = "<group>"; };
/* End PBXFileReference section */

/* Begin PBXFrameworksBuildPhase section */
		42A4F7E81A206F0100693ED2 /* Frameworks */ = {
			isa = PBXFrameworksBuildPhase;
			buildActionMask = 2147483647;
			files = (
				42C9AE3F1A685C55008F59BA /* libsqlite3.0.dylib in Frameworks */,
				4208D1E91A661B1600937598 /* SystemConfiguration.framework in Frameworks */,
				4208D1E71A661B0C00937598 /* StoreKit.framework in Frameworks */,
				4208D1E51A661B0100937598 /* Security.framework in Frameworks */,
				4208D1F01A661E1700937598 /* Bolts.framework in Frameworks */,
				4208D1E31A661AE900937598 /* QuartzCore.framework in Frameworks */,
				4208D1E11A661ADC00937598 /* MobileCoreServices.framework in Frameworks */,
				4208D1DF1A661ACC00937598 /* libz.dylib in Frameworks */,
				428D3BFF1A9941FA003916F6 /* ParseFacebookUtils.framework in Frameworks */,
				4208D1EB1A661B5000937598 /* Parse.framework in Frameworks */,
				4208D1DD1A661ABB00937598 /* CoreLocation.framework in Frameworks */,
				4208D1DB1A661AB000937598 /* CoreGraphics.framework in Frameworks */,
				4208D1D91A661AA300937598 /* CFNetwork.framework in Frameworks */,
				4208D1D71A661A9100937598 /* AudioToolbox.framework in Frameworks */,
				420711DB1A69D7B300A9A1F0 /* FacebookSDK.framework in Frameworks */,
			);
			runOnlyForDeploymentPostprocessing = 0;
		};
		42A4F7FD1A206F0100693ED2 /* Frameworks */ = {
			isa = PBXFrameworksBuildPhase;
			buildActionMask = 2147483647;
			files = (
			);
			runOnlyForDeploymentPostprocessing = 0;
		};
/* End PBXFrameworksBuildPhase section */

/* Begin PBXGroup section */
		42A4F7E21A206F0100693ED2 = {
			isa = PBXGroup;
			children = (
				428D3BFE1A9941FA003916F6 /* ParseFacebookUtils.framework */,
				420711DA1A69D7B300A9A1F0 /* FacebookSDK.framework */,
				42C9AE3E1A685C55008F59BA /* libsqlite3.0.dylib */,
				4208D1EF1A661E1700937598 /* Bolts.framework */,
				4208D1EA1A661B5000937598 /* Parse.framework */,
				4208D1E81A661B1600937598 /* SystemConfiguration.framework */,
				4208D1E61A661B0C00937598 /* StoreKit.framework */,
				4208D1E41A661B0100937598 /* Security.framework */,
				4208D1E21A661AE900937598 /* QuartzCore.framework */,
				4208D1E01A661ADC00937598 /* MobileCoreServices.framework */,
				4208D1DE1A661ACC00937598 /* libz.dylib */,
				4208D1DC1A661ABB00937598 /* CoreLocation.framework */,
				4208D1DA1A661AB000937598 /* CoreGraphics.framework */,
				4208D1D81A661AA300937598 /* CFNetwork.framework */,
				4208D1D61A661A9100937598 /* AudioToolbox.framework */,
				42A4F7ED1A206F0100693ED2 /* Aww2 */,
				42A4F8031A206F0100693ED2 /* Aww2Tests */,
				42A4F7EC1A206F0100693ED2 /* Products */,
				4208D1EC1A661B8900937598 /* Aww2-Bridging-Header.h */,
			);
			sourceTree = "<group>";
		};
		42A4F7EC1A206F0100693ED2 /* Products */ = {
			isa = PBXGroup;
			children = (
				42A4F7EB1A206F0100693ED2 /* Aww2.app */,
				42A4F8001A206F0100693ED2 /* Aww2Tests.xctest */,
			);
			name = Products;
			sourceTree = "<group>";
		};
		42A4F7ED1A206F0100693ED2 /* Aww2 */ = {
			isa = PBXGroup;
			children = (
				42964E1F1AB92AAA00CA033C /* keyartrnd5_3.06.2015.png */,
				42B8E9BC1A9D8B5E005BD02C /* Main.storyboard */,
				429321F61A96F6240068621E /* ReferralViewController.swift */,
				429321EE1A96D3210068621E /* PageViewController.swift */,
				429321EA1A96C8DB0068621E /* Non_Retina.png */,
				4233499A1A92A3AB00FD0258 /* secondNavController.swift */,
				42BAACBC1AB9565F007C2778 /* ThirdNavigationController.swift */,
				42E7B61F1A6B6FE200941E5D /* LoginViewController.swift */,
				427C7DB61A3BA17E008DC95F /* SecondViewController.swift */,
				42A4F8101A206F5900693ED2 /* SwiftyJSON.swift */,
				42A4F7F01A206F0100693ED2 /* AppDelegate.swift */,
				42A4F7F21A206F0100693ED2 /* ViewController.swift */,
				423EEA0D1A369BFC0083A6D7 /* PostCell.swift */,
				428DBCDF1A312EBE0092FC15 /* RedditPost.swift */,
				42762D201A8FE5D400E06345 /* FavoritesViewController.swift */,
				4252F2431AAFC10C008B135F /* FavNavController.swift */,
				42A4F7F91A206F0100693ED2 /* LaunchScreen.xib */,
				4252F2451AAFC4A5008B135F /* Images.xcassets */,
				42A4F7EE1A206F0100693ED2 /* Supporting Files */,
			);
			path = Aww2;
			sourceTree = "<group>";
		};
		42A4F7EE1A206F0100693ED2 /* Supporting Files */ = {
			isa = PBXGroup;
			children = (
				42A4F7EF1A206F0100693ED2 /* Info.plist */,
			);
			name = "Supporting Files";
			sourceTree = "<group>";
		};
		42A4F8031A206F0100693ED2 /* Aww2Tests */ = {
			isa = PBXGroup;
			children = (
				42A4F8061A206F0100693ED2 /* Aww2Tests.swift */,
				42A4F8041A206F0100693ED2 /* Supporting Files */,
			);
			path = Aww2Tests;
			sourceTree = "<group>";
		};
		42A4F8041A206F0100693ED2 /* Supporting Files */ = {
			isa = PBXGroup;
			children = (
				42A4F8051A206F0100693ED2 /* Info.plist */,
			);
			name = "Supporting Files";
			sourceTree = "<group>";
		};
/* End PBXGroup section */

/* Begin PBXNativeTarget section */
		42A4F7EA1A206F0100693ED2 /* Aww2 */ = {
			isa = PBXNativeTarget;
			buildConfigurationList = 42A4F80A1A206F0100693ED2 /* Build configuration list for PBXNativeTarget "Aww2" */;
			buildPhases = (
				42A4F7E71A206F0100693ED2 /* Sources */,
				42A4F7E81A206F0100693ED2 /* Frameworks */,
				42A4F7E91A206F0100693ED2 /* Resources */,
			);
			buildRules = (
			);
			dependencies = (
			);
			name = Aww2;
			productName = Aww2;
			productReference = 42A4F7EB1A206F0100693ED2 /* Aww2.app */;
			productType = "com.apple.product-type.application";
		};
		42A4F7FF1A206F0100693ED2 /* Aww2Tests */ = {
			isa = PBXNativeTarget;
			buildConfigurationList = 42A4F80D1A206F0100693ED2 /* Build configuration list for PBXNativeTarget "Aww2Tests" */;
			buildPhases = (
				42A4F7FC1A206F0100693ED2 /* Sources */,
				42A4F7FD1A206F0100693ED2 /* Frameworks */,
				42A4F7FE1A206F0100693ED2 /* Resources */,
			);
			buildRules = (
			);
			dependencies = (
				42A4F8021A206F0100693ED2 /* PBXTargetDependency */,
			);
			name = Aww2Tests;
			productName = Aww2Tests;
			productReference = 42A4F8001A206F0100693ED2 /* Aww2Tests.xctest */;
			productType = "com.apple.product-type.bundle.unit-test";
		};
/* End PBXNativeTarget section */

/* Begin PBXProject section */
		42A4F7E31A206F0100693ED2 /* Project object */ = {
			isa = PBXProject;
			attributes = {
				LastUpgradeCheck = 0610;
				ORGANIZATIONNAME = "Daniel Riaz";
				TargetAttributes = {
					42A4F7EA1A206F0100693ED2 = {
						CreatedOnToolsVersion = 6.1;
					};
					42A4F7FF1A206F0100693ED2 = {
						CreatedOnToolsVersion = 6.1;
						TestTargetID = 42A4F7EA1A206F0100693ED2;
					};
				};
			};
			buildConfigurationList = 42A4F7E61A206F0100693ED2 /* Build configuration list for PBXProject "Aww2" */;
			compatibilityVersion = "Xcode 3.2";
			developmentRegion = English;
			hasScannedForEncodings = 0;
			knownRegions = (
				en,
				Base,
			);
			mainGroup = 42A4F7E21A206F0100693ED2;
			productRefGroup = 42A4F7EC1A206F0100693ED2 /* Products */;
			projectDirPath = "";
			projectRoot = "";
			targets = (
				42A4F7EA1A206F0100693ED2 /* Aww2 */,
				42A4F7FF1A206F0100693ED2 /* Aww2Tests */,
			);
		};
/* End PBXProject section */

/* Begin PBXResourcesBuildPhase section */
		42A4F7E91A206F0100693ED2 /* Resources */ = {
			isa = PBXResourcesBuildPhase;
			buildActionMask = 2147483647;
			files = (
				42964E201AB92AAA00CA033C /* keyartrnd5_3.06.2015.png in Resources */,
				42B8E9BD1A9D8B5E005BD02C /* Main.storyboard in Resources */,
				4252F2461AAFC4A5008B135F /* Images.xcassets in Resources */,
				42A4F7FB1A206F0100693ED2 /* LaunchScreen.xib in Resources */,
				429321EB1A96C8DB0068621E /* Non_Retina.png in Resources */,
			);
			runOnlyForDeploymentPostprocessing = 0;
		};
		42A4F7FE1A206F0100693ED2 /* Resources */ = {
			isa = PBXResourcesBuildPhase;
			buildActionMask = 2147483647;
			files = (
			);
			runOnlyForDeploymentPostprocessing = 0;
		};
/* End PBXResourcesBuildPhase section */

/* Begin PBXSourcesBuildPhase section */
		42A4F7E71A206F0100693ED2 /* Sources */ = {
			isa = PBXSourcesBuildPhase;
			buildActionMask = 2147483647;
			files = (
				42E7B6201A6B6FE200941E5D /* LoginViewController.swift in Sources */,
				4233499B1A92A3AB00FD0258 /* secondNavController.swift in Sources */,
				427C7DB81A3BA17E008DC95F /* SecondViewController.swift in Sources */,
				4252F2441AAFC10C008B135F /* FavNavController.swift in Sources */,
				429321EF1A96D3210068621E /* PageViewController.swift in Sources */,
				42A4F8111A206F5900693ED2 /* SwiftyJSON.swift in Sources */,
				428DBCE01A312EBE0092FC15 /* RedditPost.swift in Sources */,
				42A4F7F31A206F0100693ED2 /* ViewController.swift in Sources */,
				42BAACBD1AB9565F007C2778 /* ThirdNavigationController.swift in Sources */,
				429321F71A96F6240068621E /* ReferralViewController.swift in Sources */,
				42A4F7F11A206F0100693ED2 /* AppDelegate.swift in Sources */,
				42762D211A8FE5D400E06345 /* FavoritesViewController.swift in Sources */,
				423EEA0E1A369BFC0083A6D7 /* PostCell.swift in Sources */,
			);
			runOnlyForDeploymentPostprocessing = 0;
		};
		42A4F7FC1A206F0100693ED2 /* Sources */ = {
			isa = PBXSourcesBuildPhase;
			buildActionMask = 2147483647;
			files = (
				42A4F8071A206F0100693ED2 /* Aww2Tests.swift in Sources */,
			);
			runOnlyForDeploymentPostprocessing = 0;
		};
/* End PBXSourcesBuildPhase section */

/* Begin PBXTargetDependency section */
		42A4F8021A206F0100693ED2 /* PBXTargetDependency */ = {
			isa = PBXTargetDependency;
			target = 42A4F7EA1A206F0100693ED2 /* Aww2 */;
			targetProxy = 42A4F8011A206F0100693ED2 /* PBXContainerItemProxy */;
		};
/* End PBXTargetDependency section */

/* Begin PBXVariantGroup section */
		42A4F7F91A206F0100693ED2 /* LaunchScreen.xib */ = {
			isa = PBXVariantGroup;
			children = (
				42A4F7FA1A206F0100693ED2 /* Base */,
			);
			name = LaunchScreen.xib;
			sourceTree = "<group>";
		};
/* End PBXVariantGroup section */

/* Begin XCBuildConfiguration section */
		42A4F8081A206F0100693ED2 /* Debug */ = {
			isa = XCBuildConfiguration;
			buildSettings = {
				ALWAYS_SEARCH_USER_PATHS = NO;
				CLANG_CXX_LANGUAGE_STANDARD = "gnu++0x";
				CLANG_CXX_LIBRARY = "libc++";
				CLANG_ENABLE_MODULES = YES;
				CLANG_ENABLE_OBJC_ARC = YES;
				CLANG_WARN_BOOL_CONVERSION = YES;
				CLANG_WARN_CONSTANT_CONVERSION = YES;
				CLANG_WARN_DIRECT_OBJC_ISA_USAGE = YES_ERROR;
				CLANG_WARN_EMPTY_BODY = YES;
				CLANG_WARN_ENUM_CONVERSION = YES;
				CLANG_WARN_INT_CONVERSION = YES;
				CLANG_WARN_OBJC_ROOT_CLASS = YES_ERROR;
				CLANG_WARN_UNREACHABLE_CODE = YES;
				CLANG_WARN__DUPLICATE_METHOD_MATCH = YES;
				"CODE_SIGN_IDENTITY[sdk=iphoneos*]" = "iPhone Developer";
				COPY_PHASE_STRIP = NO;
				ENABLE_STRICT_OBJC_MSGSEND = YES;
				GCC_C_LANGUAGE_STANDARD = gnu99;
				GCC_DYNAMIC_NO_PIC = NO;
				GCC_OPTIMIZATION_LEVEL = 0;
				GCC_PREPROCESSOR_DEFINITIONS = (
					"DEBUG=1",
					"$(inherited)",
				);
				GCC_SYMBOLS_PRIVATE_EXTERN = NO;
				GCC_WARN_64_TO_32_BIT_CONVERSION = YES;
				GCC_WARN_ABOUT_RETURN_TYPE = YES_ERROR;
				GCC_WARN_UNDECLARED_SELECTOR = YES;
				GCC_WARN_UNINITIALIZED_AUTOS = YES_AGGRESSIVE;
				GCC_WARN_UNUSED_FUNCTION = YES;
				GCC_WARN_UNUSED_VARIABLE = YES;
				IPHONEOS_DEPLOYMENT_TARGET = 7.0;
				MTL_ENABLE_DEBUG_INFO = YES;
				ONLY_ACTIVE_ARCH = YES;
				SDKROOT = iphoneos;
				SWIFT_OPTIMIZATION_LEVEL = "-Onone";
			};
			name = Debug;
		};
		42A4F8091A206F0100693ED2 /* Release */ = {
			isa = XCBuildConfiguration;
			buildSettings = {
				ALWAYS_SEARCH_USER_PATHS = NO;
				CLANG_CXX_LANGUAGE_STANDARD = "gnu++0x";
				CLANG_CXX_LIBRARY = "libc++";
				CLANG_ENABLE_MODULES = YES;
				CLANG_ENABLE_OBJC_ARC = YES;
				CLANG_WARN_BOOL_CONVERSION = YES;
				CLANG_WARN_CONSTANT_CONVERSION = YES;
				CLANG_WARN_DIRECT_OBJC_ISA_USAGE = YES_ERROR;
				CLANG_WARN_EMPTY_BODY = YES;
				CLANG_WARN_ENUM_CONVERSION = YES;
				CLANG_WARN_INT_CONVERSION = YES;
				CLANG_WARN_OBJC_ROOT_CLASS = YES_ERROR;
				CLANG_WARN_UNREACHABLE_CODE = YES;
				CLANG_WARN__DUPLICATE_METHOD_MATCH = YES;
				"CODE_SIGN_IDENTITY[sdk=iphoneos*]" = "iPhone Developer";
				COPY_PHASE_STRIP = YES;
				ENABLE_NS_ASSERTIONS = NO;
				ENABLE_STRICT_OBJC_MSGSEND = YES;
				GCC_C_LANGUAGE_STANDARD = gnu99;
				GCC_WARN_64_TO_32_BIT_CONVERSION = YES;
				GCC_WARN_ABOUT_RETURN_TYPE = YES_ERROR;
				GCC_WARN_UNDECLARED_SELECTOR = YES;
				GCC_WARN_UNINITIALIZED_AUTOS = YES_AGGRESSIVE;
				GCC_WARN_UNUSED_FUNCTION = YES;
				GCC_WARN_UNUSED_VARIABLE = YES;
				IPHONEOS_DEPLOYMENT_TARGET = 7.0;
				MTL_ENABLE_DEBUG_INFO = NO;
				SDKROOT = iphoneos;
				VALIDATE_PRODUCT = YES;
			};
			name = Release;
		};
		42A4F80B1A206F0100693ED2 /* Debug */ = {
			isa = XCBuildConfiguration;
			buildSettings = {
				ASSETCATALOG_COMPILER_APPICON_NAME = AppIcon;
				ASSETCATALOG_COMPILER_LAUNCHIMAGE_NAME = LaunchImage;
				CLANG_ENABLE_MODULES = YES;
				FRAMEWORK_SEARCH_PATHS = (
					"$(inherited)",
					"$(PROJECT_DIR)/ParseStarterProject",
					"$(PROJECT_DIR)",
					/Users/danielriaz/Documents/FacebookSDK,
					"/Users/danielriaz/Desktop/parse-library-1",
					"$(PROJECT_DIR)/Parse.framework/Headers",
				);
				INFOPLIST_FILE = Aww2/Info.plist;
				IPHONEOS_DEPLOYMENT_TARGET = 8.1;
				LD_RUNPATH_SEARCH_PATHS = "$(inherited) @executable_path/Frameworks";
				PRODUCT_NAME = "$(TARGET_NAME)";
				SWIFT_OBJC_BRIDGING_HEADER = "Aww2-Bridging-Header.h";
				SWIFT_OPTIMIZATION_LEVEL = "-Onone";
			};
			name = Debug;
		};
		42A4F80C1A206F0100693ED2 /* Release */ = {
			isa = XCBuildConfiguration;
			buildSettings = {
				ASSETCATALOG_COMPILER_APPICON_NAME = AppIcon;
				ASSETCATALOG_COMPILER_LAUNCHIMAGE_NAME = LaunchImage;
				CLANG_ENABLE_MODULES = YES;
				FRAMEWORK_SEARCH_PATHS = (
					"$(inherited)",
					"$(PROJECT_DIR)/ParseStarterProject",
					"$(PROJECT_DIR)",
					/Users/danielriaz/Documents/FacebookSDK,
					"/Users/danielriaz/Desktop/parse-library-1",
					"$(PROJECT_DIR)/Parse.framework/Headers",
				);
				INFOPLIST_FILE = Aww2/Info.plist;
				IPHONEOS_DEPLOYMENT_TARGET = 8.1;
				LD_RUNPATH_SEARCH_PATHS = "$(inherited) @executable_path/Frameworks";
				PRODUCT_NAME = "$(TARGET_NAME)";
				SWIFT_OBJC_BRIDGING_HEADER = "Aww2-Bridging-Header.h";
			};
			name = Release;
		};
		42A4F80E1A206F0100693ED2 /* Debug */ = {
			isa = XCBuildConfiguration;
			buildSettings = {
				BUNDLE_LOADER = "$(TEST_HOST)";
				FRAMEWORK_SEARCH_PATHS = (
					"$(SDKROOT)/Developer/Library/Frameworks",
					"$(inherited)",
				);
				GCC_PREPROCESSOR_DEFINITIONS = (
					"DEBUG=1",
					"$(inherited)",
				);
				INFOPLIST_FILE = Aww2Tests/Info.plist;
				LD_RUNPATH_SEARCH_PATHS = "$(inherited) @executable_path/Frameworks @loader_path/Frameworks";
				PRODUCT_NAME = "$(TARGET_NAME)";
				TEST_HOST = "$(BUILT_PRODUCTS_DIR)/Aww2.app/Aww2";
			};
			name = Debug;
		};
		42A4F80F1A206F0100693ED2 /* Release */ = {
			isa = XCBuildConfiguration;
			buildSettings = {
				BUNDLE_LOADER = "$(TEST_HOST)";
				FRAMEWORK_SEARCH_PATHS = (
					"$(SDKROOT)/Developer/Library/Frameworks",
					"$(inherited)",
				);
				INFOPLIST_FILE = Aww2Tests/Info.plist;
				LD_RUNPATH_SEARCH_PATHS = "$(inherited) @executable_path/Frameworks @loader_path/Frameworks";
				PRODUCT_NAME = "$(TARGET_NAME)";
				TEST_HOST = "$(BUILT_PRODUCTS_DIR)/Aww2.app/Aww2";
			};
			name = Release;
		};
/* End XCBuildConfiguration section */

/* Begin XCConfigurationList section */
		42A4F7E61A206F0100693ED2 /* Build configuration list for PBXProject "Aww2" */ = {
			isa = XCConfigurationList;
			buildConfigurations = (
				42A4F8081A206F0100693ED2 /* Debug */,
				42A4F8091A206F0100693ED2 /* Release */,
			);
			defaultConfigurationIsVisible = 0;
			defaultConfigurationName = Release;
		};
		42A4F80A1A206F0100693ED2 /* Build configuration list for PBXNativeTarget "Aww2" */ = {
			isa = XCConfigurationList;
			buildConfigurations = (
				42A4F80B1A206F0100693ED2 /* Debug */,
				42A4F80C1A206F0100693ED2 /* Release */,
			);
			defaultConfigurationIsVisible = 0;
			defaultConfigurationName = Release;
		};
		42A4F80D1A206F0100693ED2 /* Build configuration list for PBXNativeTarget "Aww2Tests" */ = {
			isa = XCConfigurationList;
			buildConfigurations = (
				42A4F80E1A206F0100693ED2 /* Debug */,
				42A4F80F1A206F0100693ED2 /* Release */,
			);
			defaultConfigurationIsVisible = 0;
			defaultConfigurationName = Release;
		};
/* End XCConfigurationList section */
	};
	rootObject = 42A4F7E31A206F0100693ED2 /* Project object */;
}
